
Microsoft Visual Studio Solution File, Format Version 12.00
# Visual Studio 15
VisualStudioVersion = 15.0.27428.2015
MinimumVisualStudioVersion = 10.0.40219.1
Project("{FAE04EC0-301F-11D3-BF4B-00C04F79EFBC}") = "Address", "Address\Address.csproj", "{3218F5B1-E55F-412C-80AE-C6D925EDE013}"
EndProject
Project("{FAE04EC0-301F-11D3-BF4B-00C04F79EFBC}") = "TestLibrary", "TestLibrary\TestLibrary.csproj", "{54E48BAE-940E-4ADA-9D9A-C600A61D07A6}"
EndProject
Global
	GlobalSection(SolutionConfigurationPlatforms) = preSolution
		Debug|Any CPU = Debug|Any CPU
		Release|Any CPU = Release|Any CPU
	EndGlobalSection
	GlobalSection(ProjectConfigurationPlatforms) = postSolution
		{3218F5B1-E55F-412C-80AE-C6D925EDE013}.Debug|Any CPU.ActiveCfg = Debug|Any CPU
		{3218F5B1-E55F-412C-80AE-C6D925EDE013}.Debug|Any CPU.Build.0 = Debug|Any CPU
		{3218F5B1-E55F-412C-80AE-C6D925EDE013}.Release|Any CPU.ActiveCfg = Release|Any CPU
		{3218F5B1-E55F-412C-80AE-C6D925EDE013}.Release|Any CPU.Build.0 = Release|Any CPU
		{54E48BAE-940E-4ADA-9D9A-C600A61D07A6}.Debug|Any CPU.ActiveCfg = Debug|Any CPU
		{54E48BAE-940E-4ADA-9D9A-C600A61D07A6}.Debug|Any CPU.Build.0 = Debug|Any CPU
		{54E48BAE-940E-4ADA-9D9A-C600A61D07A6}.Release|Any CPU.ActiveCfg = Release|Any CPU
		{54E48BAE-940E-4ADA-9D9A-C600A61D07A6}.Release|Any CPU.Build.0 = Release|Any CPU
	EndGlobalSection
	GlobalSection(SolutionProperties) = preSolution
		HideSolutionNode = FALSE
	EndGlobalSection
	GlobalSection(ExtensibilityGlobals) = postSolution
		SolutionGuid = {F1869A33-E6D5-4C44-96CF-78FBD82DD5B6}
	EndGlobalSection
EndGlobal
